
Microsoft Visual Studio Solution File, Format Version 12.00
# Visual Studio 14
VisualStudioVersion = 14.0.25123.0
MinimumVisualStudioVersion = 10.0.40219.1
Project("{AE999C20-EF96-4EB9-ACE4-378F3EA4BF8A}") = "Sitecore.Support.95479", "Sitecore.Support.95479\Sitecore.Support.95479.csproj", "{80E19B48-5D85-44BD-B4C2-AFBA5412D5EF}"
EndProject
Global
	GlobalSection(SolutionConfigurationPlatforms) = preSolution
		Debug|Any CPU = Debug|Any CPU
		Release|Any CPU = Release|Any CPU
	EndGlobalSection
	GlobalSection(ProjectConfigurationPlatforms) = postSolution
		{80E19B48-5D85-44BD-B4C2-AFBA5412D5EF}.Debug|Any CPU.ActiveCfg = Debug|Any CPU
		{80E19B48-5D85-44BD-B4C2-AFBA5412D5EF}.Debug|Any CPU.Build.0 = Debug|Any CPU
		{80E19B48-5D85-44BD-B4C2-AFBA5412D5EF}.Release|Any CPU.ActiveCfg = Release|Any CPU
		{80E19B48-5D85-44BD-B4C2-AFBA5412D5EF}.Release|Any CPU.Build.0 = Release|Any CPU
	EndGlobalSection
	GlobalSection(SolutionProperties) = preSolution
		HideSolutionNode = FALSE
	EndGlobalSection
EndGlobal
